// !$*UTF8*$!
{
	archiveVersion = 1;
	classes = {
	};
	objectVersion = 50;
	objects = {

/* Begin PBXBuildFile section */
		D4F4D42124D537A70068D464 /* AppDelegate.swift in Sources */ = {isa = PBXBuildFile; fileRef = D4F4D42024D537A70068D464 /* AppDelegate.swift */; };
		D4F4D42324D537A70068D464 /* SceneDelegate.swift in Sources */ = {isa = PBXBuildFile; fileRef = D4F4D42224D537A70068D464 /* SceneDelegate.swift */; };
		D4F4D42524D537A70068D464 /* ViewController.swift in Sources */ = {isa = PBXBuildFile; fileRef = D4F4D42424D537A70068D464 /* ViewController.swift */; };
		D4F4D42824D537A70068D464 /* Main.storyboard in Resources */ = {isa = PBXBuildFile; fileRef = D4F4D42624D537A70068D464 /* Main.storyboard */; };
		D4F4D42B24D537A70068D464 /* WorldTacking.xcdatamodeld in Sources */ = {isa = PBXBuildFile; fileRef = D4F4D42924D537A70068D464 /* WorldTacking.xcdatamodeld */; };
		D4F4D42D24D537A80068D464 /* Assets.xcassets in Resources */ = {isa = PBXBuildFile; fileRef = D4F4D42C24D537A80068D464 /* Assets.xcassets */; };
		D4F4D43024D537A80068D464 /* LaunchScreen.storyboard in Resources */ = {isa = PBXBuildFile; fileRef = D4F4D42E24D537A80068D464 /* LaunchScreen.storyboard */; };
		D4F4D43B24D537A80068D464 /* WorldTackingTests.swift in Sources */ = {isa = PBXBuildFile; fileRef = D4F4D43A24D537A80068D464 /* WorldTackingTests.swift */; };
		D4F4D44624D537A80068D464 /* WorldTackingUITests.swift in Sources */ = {isa = PBXBuildFile; fileRef = D4F4D44524D537A80068D464 /* WorldTackingUITests.swift */; };
/* End PBXBuildFile section */

/* Begin PBXContainerItemProxy section */
		D4F4D43724D537A80068D464 /* PBXContainerItemProxy */ = {
			isa = PBXContainerItemProxy;
			containerPortal = D4F4D41524D537A70068D464 /* Project object */;
			proxyType = 1;
			remoteGlobalIDString = D4F4D41C24D537A70068D464;
			remoteInfo = WorldTacking;
		};
		D4F4D44224D537A80068D464 /* PBXContainerItemProxy */ = {
			isa = PBXContainerItemProxy;
			containerPortal = D4F4D41524D537A70068D464 /* Project object */;
			proxyType = 1;
			remoteGlobalIDString = D4F4D41C24D537A70068D464;
			remoteInfo = WorldTacking;
		};
/* End PBXContainerItemProxy section */

/* Begin PBXFileReference section */
		D4F4D41D24D537A70068D464 /* WorldTacking.app */ = {isa = PBXFileReference; explicitFileType = wrapper.application; includeInIndex = 0; path = WorldTacking.app; sourceTree = BUILT_PRODUCTS_DIR; };
		D4F4D42024D537A70068D464 /* AppDelegate.swift */ = {isa = PBXFileReference; lastKnownFileType = sourcecode.swift; path = AppDelegate.swift; sourceTree = "<group>"; };
		D4F4D42224D537A70068D464 /* SceneDelegate.swift */ = {isa = PBXFileReference; lastKnownFileType = sourcecode.swift; path = SceneDelegate.swift; sourceTree = "<group>"; };
		D4F4D42424D537A70068D464 /* ViewController.swift */ = {isa = PBXFileReference; lastKnownFileType = sourcecode.swift; path = ViewController.swift; sourceTree = "<group>"; };
		D4F4D42724D537A70068D464 /* Base */ = {isa = PBXFileReference; lastKnownFileType = file.storyboard; name = Base; path = Base.lproj/Main.storyboard; sourceTree = "<group>"; };
		D4F4D42A24D537A70068D464 /* WorldTacking.xcdatamodel */ = {isa = PBXFileReference; lastKnownFileType = wrapper.xcdatamodel; path = WorldTacking.xcdatamodel; sourceTree = "<group>"; };
		D4F4D42C24D537A80068D464 /* Assets.xcassets */ = {isa = PBXFileReference; lastKnownFileType = folder.assetcatalog; path = Assets.xcassets; sourceTree = "<group>"; };
		D4F4D42F24D537A80068D464 /* Base */ = {isa = PBXFileReference; lastKnownFileType = file.storyboard; name = Base; path = Base.lproj/LaunchScreen.storyboard; sourceTree = "<group>"; };
		D4F4D43124D537A80068D464 /* Info.plist */ = {isa = PBXFileReference; lastKnownFileType = text.plist.xml; path = Info.plist; sourceTree = "<group>"; };
		D4F4D43624D537A80068D464 /* WorldTackingTests.xctest */ = {isa = PBXFileReference; explicitFileType = wrapper.cfbundle; includeInIndex = 0; path = WorldTackingTests.xctest; sourceTree = BUILT_PRODUCTS_DIR; };
		D4F4D43A24D537A80068D464 /* WorldTackingTests.swift */ = {isa = PBXFileReference; lastKnownFileType = sourcecode.swift; path = WorldTackingTests.swift; sourceTree = "<group>"; };
		D4F4D43C24D537A80068D464 /* Info.plist */ = {isa = PBXFileReference; lastKnownFileType = text.plist.xml; path = Info.plist; sourceTree = "<group>"; };
		D4F4D44124D537A80068D464 /* WorldTackingUITests.xctest */ = {isa = PBXFileReference; explicitFileType = wrapper.cfbundle; includeInIndex = 0; path = WorldTackingUITests.xctest; sourceTree = BUILT_PRODUCTS_DIR; };
		D4F4D44524D537A80068D464 /* WorldTackingUITests.swift */ = {isa = PBXFileReference; lastKnownFileType = sourcecode.swift; path = WorldTackingUITests.swift; sourceTree = "<group>"; };
		D4F4D44724D537A80068D464 /* Info.plist */ = {isa = PBXFileReference; lastKnownFileType = text.plist.xml; path = Info.plist; sourceTree = "<group>"; };
/* End PBXFileReference section */

/* Begin PBXFrameworksBuildPhase section */
		D4F4D41A24D537A70068D464 /* Frameworks */ = {
			isa = PBXFrameworksBuildPhase;
			buildActionMask = 2147483647;
			files = (
			);
			runOnlyForDeploymentPostprocessing = 0;
		};
		D4F4D43324D537A80068D464 /* Frameworks */ = {
			isa = PBXFrameworksBuildPhase;
			buildActionMask = 2147483647;
			files = (
			);
			runOnlyForDeploymentPostprocessing = 0;
		};
		D4F4D43E24D537A80068D464 /* Frameworks */ = {
			isa = PBXFrameworksBuildPhase;
			buildActionMask = 2147483647;
			files = (
			);
			runOnlyForDeploymentPostprocessing = 0;
		};
/* End PBXFrameworksBuildPhase section */

/* Begin PBXGroup section */
		D4F4D41424D537A70068D464 = {
			isa = PBXGroup;
			children = (
				D4F4D41F24D537A70068D464 /* WorldTacking */,
				D4F4D43924D537A80068D464 /* WorldTackingTests */,
				D4F4D44424D537A80068D464 /* WorldTackingUITests */,
				D4F4D41E24D537A70068D464 /* Products */,
			);
			sourceTree = "<group>";
		};
		D4F4D41E24D537A70068D464 /* Products */ = {
			isa = PBXGroup;
			children = (
				D4F4D41D24D537A70068D464 /* WorldTacking.app */,
				D4F4D43624D537A80068D464 /* WorldTackingTests.xctest */,
				D4F4D44124D537A80068D464 /* WorldTackingUITests.xctest */,
			);
			name = Products;
			sourceTree = "<group>";
		};
		D4F4D41F24D537A70068D464 /* WorldTacking */ = {
			isa = PBXGroup;
			children = (
				D4F4D42024D537A70068D464 /* AppDelegate.swift */,
				D4F4D42224D537A70068D464 /* SceneDelegate.swift */,
				D4F4D42424D537A70068D464 /* ViewController.swift */,
				D4F4D42624D537A70068D464 /* Main.storyboard */,
				D4F4D42C24D537A80068D464 /* Assets.xcassets */,
				D4F4D42E24D537A80068D464 /* LaunchScreen.storyboard */,
				D4F4D43124D537A80068D464 /* Info.plist */,
				D4F4D42924D537A70068D464 /* WorldTacking.xcdatamodeld */,
			);
			path = WorldTacking;
			sourceTree = "<group>";
		};
		D4F4D43924D537A80068D464 /* WorldTackingTests */ = {
			isa = PBXGroup;
			children = (
				D4F4D43A24D537A80068D464 /* WorldTackingTests.swift */,
				D4F4D43C24D537A80068D464 /* Info.plist */,
			);
			path = WorldTackingTests;
			sourceTree = "<group>";
		};
		D4F4D44424D537A80068D464 /* WorldTackingUITests */ = {
			isa = PBXGroup;
			children = (
				D4F4D44524D537A80068D464 /* WorldTackingUITests.swift */,
				D4F4D44724D537A80068D464 /* Info.plist */,
			);
			path = WorldTackingUITests;
			sourceTree = "<group>";
		};
/* End PBXGroup section */

/* Begin PBXNativeTarget section */
		D4F4D41C24D537A70068D464 /* WorldTacking */ = {
			isa = PBXNativeTarget;
			buildConfigurationList = D4F4D44A24D537A80068D464 /* Build configuration list for PBXNativeTarget "WorldTacking" */;
			buildPhases = (
				D4F4D41924D537A70068D464 /* Sources */,
				D4F4D41A24D537A70068D464 /* Frameworks */,
				D4F4D41B24D537A70068D464 /* Resources */,
			);
			buildRules = (
			);
			dependencies = (
			);
			name = WorldTacking;
			productName = WorldTacking;
			productReference = D4F4D41D24D537A70068D464 /* WorldTacking.app */;
			productType = "com.apple.product-type.application";
		};
		D4F4D43524D537A80068D464 /* WorldTackingTests */ = {
			isa = PBXNativeTarget;
			buildConfigurationList = D4F4D44D24D537A80068D464 /* Build configuration list for PBXNativeTarget "WorldTackingTests" */;
			buildPhases = (
				D4F4D43224D537A80068D464 /* Sources */,
				D4F4D43324D537A80068D464 /* Frameworks */,
				D4F4D43424D537A80068D464 /* Resources */,
			);
			buildRules = (
			);
			dependencies = (
				D4F4D43824D537A80068D464 /* PBXTargetDependency */,
			);
			name = WorldTackingTests;
			productName = WorldTackingTests;
			productReference = D4F4D43624D537A80068D464 /* WorldTackingTests.xctest */;
			productType = "com.apple.product-type.bundle.unit-test";
		};
		D4F4D44024D537A80068D464 /* WorldTackingUITests */ = {
			isa = PBXNativeTarget;
			buildConfigurationList = D4F4D45024D537A80068D464 /* Build configuration list for PBXNativeTarget "WorldTackingUITests" */;
			buildPhases = (
				D4F4D43D24D537A80068D464 /* Sources */,
				D4F4D43E24D537A80068D464 /* Frameworks */,
				D4F4D43F24D537A80068D464 /* Resources */,
			);
			buildRules = (
			);
			dependencies = (
				D4F4D44324D537A80068D464 /* PBXTargetDependency */,
			);
			name = WorldTackingUITests;
			productName = WorldTackingUITests;
			productReference = D4F4D44124D537A80068D464 /* WorldTackingUITests.xctest */;
			productType = "com.apple.product-type.bundle.ui-testing";
		};
/* End PBXNativeTarget section */

/* Begin PBXProject section */
		D4F4D41524D537A70068D464 /* Project object */ = {
			isa = PBXProject;
			attributes = {
				LastSwiftUpdateCheck = 1160;
				LastUpgradeCheck = 1160;
				ORGANIZATIONNAME = MAHIMA;
				TargetAttributes = {
					D4F4D41C24D537A70068D464 = {
						CreatedOnToolsVersion = 11.6;
					};
					D4F4D43524D537A80068D464 = {
						CreatedOnToolsVersion = 11.6;
						TestTargetID = D4F4D41C24D537A70068D464;
					};
					D4F4D44024D537A80068D464 = {
						CreatedOnToolsVersion = 11.6;
						TestTargetID = D4F4D41C24D537A70068D464;
					};
				};
			};
			buildConfigurationList = D4F4D41824D537A70068D464 /* Build configuration list for PBXProject "WorldTacking" */;
			compatibilityVersion = "Xcode 9.3";
			developmentRegion = en;
			hasScannedForEncodings = 0;
			knownRegions = (
				en,
				Base,
			);
			mainGroup = D4F4D41424D537A70068D464;
			productRefGroup = D4F4D41E24D537A70068D464 /* Products */;
			projectDirPath = "";
			projectRoot = "";
			targets = (
				D4F4D41C24D537A70068D464 /* WorldTacking */,
				D4F4D43524D537A80068D464 /* WorldTackingTests */,
				D4F4D44024D537A80068D464 /* WorldTackingUITests */,
			);
		};
/* End PBXProject section */

/* Begin PBXResourcesBuildPhase section */
		D4F4D41B24D537A70068D464 /* Resources */ = {
			isa = PBXResourcesBuildPhase;
			buildActionMask = 2147483647;
			files = (
				D4F4D43024D537A80068D464 /* LaunchScreen.storyboard in Resources */,
				D4F4D42D24D537A80068D464 /* Assets.xcassets in Resources */,
				D4F4D42824D537A70068D464 /* Main.storyboard in Resources */,
			);
			runOnlyForDeploymentPostprocessing = 0;
		};
		D4F4D43424D537A80068D464 /* Resources */ = {
			isa = PBXResourcesBuildPhase;
			buildActionMask = 2147483647;
			files = (
			);
			runOnlyForDeploymentPostprocessing = 0;
		};
		D4F4D43F24D537A80068D464 /* Resources */ = {
			isa = PBXResourcesBuildPhase;
			buildActionMask = 2147483647;
			files = (
			);
			runOnlyForDeploymentPostprocessing = 0;
		};
/* End PBXResourcesBuildPhase section */

/* Begin PBXSourcesBuildPhase section */
		D4F4D41924D537A70068D464 /* Sources */ = {
			isa = PBXSourcesBuildPhase;
			buildActionMask = 2147483647;
			files = (
				D4F4D42524D537A70068D464 /* ViewController.swift in Sources */,
				D4F4D42124D537A70068D464 /* AppDelegate.swift in Sources */,
				D4F4D42B24D537A70068D464 /* WorldTacking.xcdatamodeld in Sources */,
				D4F4D42324D537A70068D464 /* SceneDelegate.swift in Sources */,
			);
			runOnlyForDeploymentPostprocessing = 0;
		};
		D4F4D43224D537A80068D464 /* Sources */ = {
			isa = PBXSourcesBuildPhase;
			buildActionMask = 2147483647;
			files = (
				D4F4D43B24D537A80068D464 /* WorldTackingTests.swift in Sources */,
			);
			runOnlyForDeploymentPostprocessing = 0;
		};
		D4F4D43D24D537A80068D464 /* Sources */ = {
			isa = PBXSourcesBuildPhase;
			buildActionMask = 2147483647;
			files = (
				D4F4D44624D537A80068D464 /* WorldTackingUITests.swift in Sources */,
			);
			runOnlyForDeploymentPostprocessing = 0;
		};
/* End PBXSourcesBuildPhase section */

/* Begin PBXTargetDependency section */
		D4F4D43824D537A80068D464 /* PBXTargetDependency */ = {
			isa = PBXTargetDependency;
			target = D4F4D41C24D537A70068D464 /* WorldTacking */;
			targetProxy = D4F4D43724D537A80068D464 /* PBXContainerItemProxy */;
		};
		D4F4D44324D537A80068D464 /* PBXTargetDependency */ = {
			isa = PBXTargetDependency;
			target = D4F4D41C24D537A70068D464 /* WorldTacking */;
			targetProxy = D4F4D44224D537A80068D464 /* PBXContainerItemProxy */;
		};
/* End PBXTargetDependency section */

/* Begin PBXVariantGroup section */
		D4F4D42624D537A70068D464 /* Main.storyboard */ = {
			isa = PBXVariantGroup;
			children = (
				D4F4D42724D537A70068D464 /* Base */,
			);
			name = Main.storyboard;
			sourceTree = "<group>";
		};
		D4F4D42E24D537A80068D464 /* LaunchScreen.storyboard */ = {
			isa = PBXVariantGroup;
			children = (
				D4F4D42F24D537A80068D464 /* Base */,
			);
			name = LaunchScreen.storyboard;
			sourceTree = "<group>";
		};
/* End PBXVariantGroup section */

/* Begin XCBuildConfiguration section */
		D4F4D44824D537A80068D464 /* Debug */ = {
			isa = XCBuildConfiguration;
			buildSettings = {
				ALWAYS_SEARCH_USER_PATHS = NO;
				CLANG_ANALYZER_NONNULL = YES;
				CLANG_ANALYZER_NUMBER_OBJECT_CONVERSION = YES_AGGRESSIVE;
				CLANG_CXX_LANGUAGE_STANDARD = "gnu++14";
				CLANG_CXX_LIBRARY = "libc++";
				CLANG_ENABLE_MODULES = YES;
				CLANG_ENABLE_OBJC_ARC = YES;
				CLANG_ENABLE_OBJC_WEAK = YES;
				CLANG_WARN_BLOCK_CAPTURE_AUTORELEASING = YES;
				CLANG_WARN_BOOL_CONVERSION = YES;
				CLANG_WARN_COMMA = YES;
				CLANG_WARN_CONSTANT_CONVERSION = YES;
				CLANG_WARN_DEPRECATED_OBJC_IMPLEMENTATIONS = YES;
				CLANG_WARN_DIRECT_OBJC_ISA_USAGE = YES_ERROR;
				CLANG_WARN_DOCUMENTATION_COMMENTS = YES;
				CLANG_WARN_EMPTY_BODY = YES;
				CLANG_WARN_ENUM_CONVERSION = YES;
				CLANG_WARN_INFINITE_RECURSION = YES;
				CLANG_WARN_INT_CONVERSION = YES;
				CLANG_WARN_NON_LITERAL_NULL_CONVERSION = YES;
				CLANG_WARN_OBJC_IMPLICIT_RETAIN_SELF = YES;
				CLANG_WARN_OBJC_LITERAL_CONVERSION = YES;
				CLANG_WARN_OBJC_ROOT_CLASS = YES_ERROR;
				CLANG_WARN_RANGE_LOOP_ANALYSIS = YES;
				CLANG_WARN_STRICT_PROTOTYPES = YES;
				CLANG_WARN_SUSPICIOUS_MOVE = YES;
				CLANG_WARN_UNGUARDED_AVAILABILITY = YES_AGGRESSIVE;
				CLANG_WARN_UNREACHABLE_CODE = YES;
				CLANG_WARN__DUPLICATE_METHOD_MATCH = YES;
				COPY_PHASE_STRIP = NO;
				DEBUG_INFORMATION_FORMAT = dwarf;
				ENABLE_STRICT_OBJC_MSGSEND = YES;
				ENABLE_TESTABILITY = YES;
				GCC_C_LANGUAGE_STANDARD = gnu11;
				GCC_DYNAMIC_NO_PIC = NO;
				GCC_NO_COMMON_BLOCKS = YES;
				GCC_OPTIMIZATION_LEVEL = 0;
				GCC_PREPROCESSOR_DEFINITIONS = (
					"DEBUG=1",
					"$(inherited)",
				);
				GCC_WARN_64_TO_32_BIT_CONVERSION = YES;
				GCC_WARN_ABOUT_RETURN_TYPE = YES_ERROR;
				GCC_WARN_UNDECLARED_SELECTOR = YES;
				GCC_WARN_UNINITIALIZED_AUTOS = YES_AGGRESSIVE;
				GCC_WARN_UNUSED_FUNCTION = YES;
				GCC_WARN_UNUSED_VARIABLE = YES;
				IPHONEOS_DEPLOYMENT_TARGET = 13.6;
				MTL_ENABLE_DEBUG_INFO = INCLUDE_SOURCE;
				MTL_FAST_MATH = YES;
				ONLY_ACTIVE_ARCH = YES;
				SDKROOT = iphoneos;
				SWIFT_ACTIVE_COMPILATION_CONDITIONS = DEBUG;
				SWIFT_OPTIMIZATION_LEVEL = "-Onone";
			};
			name = Debug;
		};
		D4F4D44924D537A80068D464 /* Release */ = {
			isa = XCBuildConfiguration;
			buildSettings = {
				ALWAYS_SEARCH_USER_PATHS = NO;
				CLANG_ANALYZER_NONNULL = YES;
				CLANG_ANALYZER_NUMBER_OBJECT_CONVERSION = YES_AGGRESSIVE;
				CLANG_CXX_LANGUAGE_STANDARD = "gnu++14";
				CLANG_CXX_LIBRARY = "libc++";
				CLANG_ENABLE_MODULES = YES;
				CLANG_ENABLE_OBJC_ARC = YES;
				CLANG_ENABLE_OBJC_WEAK = YES;
				CLANG_WARN_BLOCK_CAPTURE_AUTORELEASING = YES;
				CLANG_WARN_BOOL_CONVERSION = YES;
				CLANG_WARN_COMMA = YES;
				CLANG_WARN_CONSTANT_CONVERSION = YES;
				CLANG_WARN_DEPRECATED_OBJC_IMPLEMENTATIONS = YES;
				CLANG_WARN_DIRECT_OBJC_ISA_USAGE = YES_ERROR;
				CLANG_WARN_DOCUMENTATION_COMMENTS = YES;
				CLANG_WARN_EMPTY_BODY = YES;
				CLANG_WARN_ENUM_CONVERSION = YES;
				CLANG_WARN_INFINITE_RECURSION = YES;
				CLANG_WARN_INT_CONVERSION = YES;
				CLANG_WARN_NON_LITERAL_NULL_CONVERSION = YES;
				CLANG_WARN_OBJC_IMPLICIT_RETAIN_SELF = YES;
				CLANG_WARN_OBJC_LITERAL_CONVERSION = YES;
				CLANG_WARN_OBJC_ROOT_CLASS = YES_ERROR;
				CLANG_WARN_RANGE_LOOP_ANALYSIS = YES;
				CLANG_WARN_STRICT_PROTOTYPES = YES;
				CLANG_WARN_SUSPICIOUS_MOVE = YES;
				CLANG_WARN_UNGUARDED_AVAILABILITY = YES_AGGRESSIVE;
				CLANG_WARN_UNREACHABLE_CODE = YES;
				CLANG_WARN__DUPLICATE_METHOD_MATCH = YES;
				COPY_PHASE_STRIP = NO;
				DEBUG_INFORMATION_FORMAT = "dwarf-with-dsym";
				ENABLE_NS_ASSERTIONS = NO;
				ENABLE_STRICT_OBJC_MSGSEND = YES;
				GCC_C_LANGUAGE_STANDARD = gnu11;
				GCC_NO_COMMON_BLOCKS = YES;
				GCC_WARN_64_TO_32_BIT_CONVERSION = YES;
				GCC_WARN_ABOUT_RETURN_TYPE = YES_ERROR;
				GCC_WARN_UNDECLARED_SELECTOR = YES;
				GCC_WARN_UNINITIALIZED_AUTOS = YES_AGGRESSIVE;
				GCC_WARN_UNUSED_FUNCTION = YES;
				GCC_WARN_UNUSED_VARIABLE = YES;
				IPHONEOS_DEPLOYMENT_TARGET = 13.6;
				MTL_ENABLE_DEBUG_INFO = NO;
				MTL_FAST_MATH = YES;
				SDKROOT = iphoneos;
				SWIFT_COMPILATION_MODE = wholemodule;
				SWIFT_OPTIMIZATION_LEVEL = "-O";
				VALIDATE_PRODUCT = YES;
			};
			name = Release;
		};
		D4F4D44B24D537A80068D464 /* Debug */ = {
			isa = XCBuildConfiguration;
			buildSettings = {
				ASSETCATALOG_COMPILER_APPICON_NAME = AppIcon;
				CODE_SIGN_IDENTITY = "Apple Development";
				CODE_SIGN_STYLE = Automatic;
				DEVELOPMENT_TEAM = 2HTSWHQBVN;
				INFOPLIST_FILE = WorldTacking/Info.plist;
				LD_RUNPATH_SEARCH_PATHS = (
					"$(inherited)",
					"@executable_path/Frameworks",
				);
				PRODUCT_BUNDLE_IDENTIFIER = com.decathlon.evacustomer;
				PRODUCT_NAME = "$(TARGET_NAME)";
				PROVISIONING_PROFILE_SPECIFIER = "";
				SWIFT_VERSION = 5.0;
				TARGETED_DEVICE_FAMILY = "1,2";
			};
			name = Debug;
		};
		D4F4D44C24D537A80068D464 /* Release */ = {
			isa = XCBuildConfiguration;
			buildSettings = {
				ASSETCATALOG_COMPILER_APPICON_NAME = AppIcon;
				CODE_SIGN_IDENTITY = "Apple Development";
				CODE_SIGN_STYLE = Automatic;
				DEVELOPMENT_TEAM = 2HTSWHQBVN;
				INFOPLIST_FILE = WorldTacking/Info.plist;
				LD_RUNPATH_SEARCH_PATHS = (
					"$(inherited)",
					"@executable_path/Frameworks",
				);
				PRODUCT_BUNDLE_IDENTIFIER = com.decathlon.evacustomer;
				PRODUCT_NAME = "$(TARGET_NAME)";
				PROVISIONING_PROFILE_SPECIFIER = "";
				SWIFT_VERSION = 5.0;
				TARGETED_DEVICE_FAMILY = "1,2";
			};
			name = Release;
		};
		D4F4D44E24D537A80068D464 /* Debug */ = {
			isa = XCBuildConfiguration;
			buildSettings = {
				ALWAYS_EMBED_SWIFT_STANDARD_LIBRARIES = YES;
				BUNDLE_LOADER = "$(TEST_HOST)";
				CODE_SIGN_STYLE = Automatic;
				DEVELOPMENT_TEAM = 7FBG6F9GR7;
				INFOPLIST_FILE = WorldTackingTests/Info.plist;
				IPHONEOS_DEPLOYMENT_TARGET = 13.6;
				LD_RUNPATH_SEARCH_PATHS = (
					"$(inherited)",
					"@executable_path/Frameworks",
					"@loader_path/Frameworks",
				);
				PRODUCT_BUNDLE_IDENTIFIER = com.mahima.WorldTackingTests;
				PRODUCT_NAME = "$(TARGET_NAME)";
				SWIFT_VERSION = 5.0;
				TARGETED_DEVICE_FAMILY = "1,2";
				TEST_HOST = "$(BUILT_PRODUCTS_DIR)/WorldTacking.app/WorldTacking";
			};
			name = Debug;
		};
		D4F4D44F24D537A80068D464 /* Release */ = {
			isa = XCBuildConfiguration;
			buildSettings = {
				ALWAYS_EMBED_SWIFT_STANDARD_LIBRARIES = YES;
				BUNDLE_LOADER = "$(TEST_HOST)";
				CODE_SIGN_STYLE = Automatic;
				DEVELOPMENT_TEAM = 7FBG6F9GR7;
				INFOPLIST_FILE = WorldTackingTests/Info.plist;
				IPHONEOS_DEPLOYMENT_TARGET = 13.6;
				LD_RUNPATH_SEARCH_PATHS = (
					"$(inherited)",
					"@executable_path/Frameworks",
					"@loader_path/Frameworks",
				);
				PRODUCT_BUNDLE_IDENTIFIER = com.mahima.WorldTackingTests;
				PRODUCT_NAME = "$(TARGET_NAME)";
				SWIFT_VERSION = 5.0;
				TARGETED_DEVICE_FAMILY = "1,2";
				TEST_HOST = "$(BUILT_PRODUCTS_DIR)/WorldTacking.app/WorldTacking";
			};
			name = Release;
		};
		D4F4D45124D537A80068D464 /* Debug */ = {
			isa = XCBuildConfiguration;
			buildSettings = {
				ALWAYS_EMBED_SWIFT_STANDARD_LIBRARIES = YES;
				CODE_SIGN_STYLE = Automatic;
				DEVELOPMENT_TEAM = 7FBG6F9GR7;
				INFOPLIST_FILE = WorldTackingUITests/Info.plist;
				LD_RUNPATH_SEARCH_PATHS = (
					"$(inherited)",
					"@executable_path/Frameworks",
					"@loader_path/Frameworks",
				);
				PRODUCT_BUNDLE_IDENTIFIER = com.mahima.WorldTackingUITests;
				PRODUCT_NAME = "$(TARGET_NAME)";
				SWIFT_VERSION = 5.0;
				TARGETED_DEVICE_FAMILY = "1,2";
				TEST_TARGET_NAME = WorldTacking;
			};
			name = Debug;
		};
		D4F4D45224D537A80068D464 /* Release */ = {
			isa = XCBuildConfiguration;
			buildSettings = {
				ALWAYS_EMBED_SWIFT_STANDARD_LIBRARIES = YES;
				CODE_SIGN_STYLE = Automatic;
				DEVELOPMENT_TEAM = 7FBG6F9GR7;
				INFOPLIST_FILE = WorldTackingUITests/Info.plist;
				LD_RUNPATH_SEARCH_PATHS = (
					"$(inherited)",
					"@executable_path/Frameworks",
					"@loader_path/Frameworks",
				);
				PRODUCT_BUNDLE_IDENTIFIER = com.mahima.WorldTackingUITests;
				PRODUCT_NAME = "$(TARGET_NAME)";
				SWIFT_VERSION = 5.0;
				TARGETED_DEVICE_FAMILY = "1,2";
				TEST_TARGET_NAME = WorldTacking;
			};
			name = Release;
		};
/* End XCBuildConfiguration section */

/* Begin XCConfigurationList section */
		D4F4D41824D537A70068D464 /* Build configuration list for PBXProject "WorldTacking" */ = {
			isa = XCConfigurationList;
			buildConfigurations = (
				D4F4D44824D537A80068D464 /* Debug */,
				D4F4D44924D537A80068D464 /* Release */,
			);
			defaultConfigurationIsVisible = 0;
			defaultConfigurationName = Release;
		};
		D4F4D44A24D537A80068D464 /* Build configuration list for PBXNativeTarget "WorldTacking" */ = {
			isa = XCConfigurationList;
			buildConfigurations = (
				D4F4D44B24D537A80068D464 /* Debug */,
				D4F4D44C24D537A80068D464 /* Release */,
			);
			defaultConfigurationIsVisible = 0;
			defaultConfigurationName = Release;
		};
		D4F4D44D24D537A80068D464 /* Build configuration list for PBXNativeTarget "WorldTackingTests" */ = {
			isa = XCConfigurationList;
			buildConfigurations = (
				D4F4D44E24D537A80068D464 /* Debug */,
				D4F4D44F24D537A80068D464 /* Release */,
			);
			defaultConfigurationIsVisible = 0;
			defaultConfigurationName = Release;
		};
		D4F4D45024D537A80068D464 /* Build configuration list for PBXNativeTarget "WorldTackingUITests" */ = {
			isa = XCConfigurationList;
			buildConfigurations = (
				D4F4D45124D537A80068D464 /* Debug */,
				D4F4D45224D537A80068D464 /* Release */,
			);
			defaultConfigurationIsVisible = 0;
			defaultConfigurationName = Release;
		};
/* End XCConfigurationList section */

/* Begin XCVersionGroup section */
		D4F4D42924D537A70068D464 /* WorldTacking.xcdatamodeld */ = {
			isa = XCVersionGroup;
			children = (
				D4F4D42A24D537A70068D464 /* WorldTacking.xcdatamodel */,
			);
			currentVersion = D4F4D42A24D537A70068D464 /* WorldTacking.xcdatamodel */;
			path = WorldTacking.xcdatamodeld;
			sourceTree = "<group>";
			versionGroupType = wrapper.xcdatamodel;
		};
/* End XCVersionGroup section */
	};
	rootObject = D4F4D41524D537A70068D464 /* Project object */;
}
