// !$*UTF8*$!
{
	archiveVersion = 1;
	classes = {
	};
	objectVersion = 50;
	objects = {

/* Begin PBXBuildFile section */
		D4A8838324D85D4600F9F745 /* AppDelegate.swift in Sources */ = {isa = PBXBuildFile; fileRef = D4A8838224D85D4600F9F745 /* AppDelegate.swift */; };
		D4A8838524D85D4600F9F745 /* SceneDelegate.swift in Sources */ = {isa = PBXBuildFile; fileRef = D4A8838424D85D4600F9F745 /* SceneDelegate.swift */; };
		D4A8838724D85D4600F9F745 /* ViewController.swift in Sources */ = {isa = PBXBuildFile; fileRef = D4A8838624D85D4600F9F745 /* ViewController.swift */; };
		D4A8838A24D85D4600F9F745 /* Main.storyboard in Resources */ = {isa = PBXBuildFile; fileRef = D4A8838824D85D4600F9F745 /* Main.storyboard */; };
		D4A8838D24D85D4600F9F745 /* Planets.xcdatamodeld in Sources */ = {isa = PBXBuildFile; fileRef = D4A8838B24D85D4600F9F745 /* Planets.xcdatamodeld */; };
		D4A8838F24D85D4800F9F745 /* Assets.xcassets in Resources */ = {isa = PBXBuildFile; fileRef = D4A8838E24D85D4800F9F745 /* Assets.xcassets */; };
		D4A8839224D85D4800F9F745 /* LaunchScreen.storyboard in Resources */ = {isa = PBXBuildFile; fileRef = D4A8839024D85D4800F9F745 /* LaunchScreen.storyboard */; };
		D4A8839D24D85D4800F9F745 /* PlanetsTests.swift in Sources */ = {isa = PBXBuildFile; fileRef = D4A8839C24D85D4800F9F745 /* PlanetsTests.swift */; };
		D4A883A824D85D4800F9F745 /* PlanetsUITests.swift in Sources */ = {isa = PBXBuildFile; fileRef = D4A883A724D85D4800F9F745 /* PlanetsUITests.swift */; };
/* End PBXBuildFile section */

/* Begin PBXContainerItemProxy section */
		D4A8839924D85D4800F9F745 /* PBXContainerItemProxy */ = {
			isa = PBXContainerItemProxy;
			containerPortal = D4A8837724D85D4600F9F745 /* Project object */;
			proxyType = 1;
			remoteGlobalIDString = D4A8837E24D85D4600F9F745;
			remoteInfo = Planets;
		};
		D4A883A424D85D4800F9F745 /* PBXContainerItemProxy */ = {
			isa = PBXContainerItemProxy;
			containerPortal = D4A8837724D85D4600F9F745 /* Project object */;
			proxyType = 1;
			remoteGlobalIDString = D4A8837E24D85D4600F9F745;
			remoteInfo = Planets;
		};
/* End PBXContainerItemProxy section */

/* Begin PBXFileReference section */
		D4A8837F24D85D4600F9F745 /* Planets.app */ = {isa = PBXFileReference; explicitFileType = wrapper.application; includeInIndex = 0; path = Planets.app; sourceTree = BUILT_PRODUCTS_DIR; };
		D4A8838224D85D4600F9F745 /* AppDelegate.swift */ = {isa = PBXFileReference; lastKnownFileType = sourcecode.swift; path = AppDelegate.swift; sourceTree = "<group>"; };
		D4A8838424D85D4600F9F745 /* SceneDelegate.swift */ = {isa = PBXFileReference; lastKnownFileType = sourcecode.swift; path = SceneDelegate.swift; sourceTree = "<group>"; };
		D4A8838624D85D4600F9F745 /* ViewController.swift */ = {isa = PBXFileReference; lastKnownFileType = sourcecode.swift; path = ViewController.swift; sourceTree = "<group>"; };
		D4A8838924D85D4600F9F745 /* Base */ = {isa = PBXFileReference; lastKnownFileType = file.storyboard; name = Base; path = Base.lproj/Main.storyboard; sourceTree = "<group>"; };
		D4A8838C24D85D4600F9F745 /* Planets.xcdatamodel */ = {isa = PBXFileReference; lastKnownFileType = wrapper.xcdatamodel; path = Planets.xcdatamodel; sourceTree = "<group>"; };
		D4A8838E24D85D4800F9F745 /* Assets.xcassets */ = {isa = PBXFileReference; lastKnownFileType = folder.assetcatalog; path = Assets.xcassets; sourceTree = "<group>"; };
		D4A8839124D85D4800F9F745 /* Base */ = {isa = PBXFileReference; lastKnownFileType = file.storyboard; name = Base; path = Base.lproj/LaunchScreen.storyboard; sourceTree = "<group>"; };
		D4A8839324D85D4800F9F745 /* Info.plist */ = {isa = PBXFileReference; lastKnownFileType = text.plist.xml; path = Info.plist; sourceTree = "<group>"; };
		D4A8839824D85D4800F9F745 /* PlanetsTests.xctest */ = {isa = PBXFileReference; explicitFileType = wrapper.cfbundle; includeInIndex = 0; path = PlanetsTests.xctest; sourceTree = BUILT_PRODUCTS_DIR; };
		D4A8839C24D85D4800F9F745 /* PlanetsTests.swift */ = {isa = PBXFileReference; lastKnownFileType = sourcecode.swift; path = PlanetsTests.swift; sourceTree = "<group>"; };
		D4A8839E24D85D4800F9F745 /* Info.plist */ = {isa = PBXFileReference; lastKnownFileType = text.plist.xml; path = Info.plist; sourceTree = "<group>"; };
		D4A883A324D85D4800F9F745 /* PlanetsUITests.xctest */ = {isa = PBXFileReference; explicitFileType = wrapper.cfbundle; includeInIndex = 0; path = PlanetsUITests.xctest; sourceTree = BUILT_PRODUCTS_DIR; };
		D4A883A724D85D4800F9F745 /* PlanetsUITests.swift */ = {isa = PBXFileReference; lastKnownFileType = sourcecode.swift; path = PlanetsUITests.swift; sourceTree = "<group>"; };
		D4A883A924D85D4800F9F745 /* Info.plist */ = {isa = PBXFileReference; lastKnownFileType = text.plist.xml; path = Info.plist; sourceTree = "<group>"; };
/* End PBXFileReference section */

/* Begin PBXFrameworksBuildPhase section */
		D4A8837C24D85D4600F9F745 /* Frameworks */ = {
			isa = PBXFrameworksBuildPhase;
			buildActionMask = 2147483647;
			files = (
			);
			runOnlyForDeploymentPostprocessing = 0;
		};
		D4A8839524D85D4800F9F745 /* Frameworks */ = {
			isa = PBXFrameworksBuildPhase;
			buildActionMask = 2147483647;
			files = (
			);
			runOnlyForDeploymentPostprocessing = 0;
		};
		D4A883A024D85D4800F9F745 /* Frameworks */ = {
			isa = PBXFrameworksBuildPhase;
			buildActionMask = 2147483647;
			files = (
			);
			runOnlyForDeploymentPostprocessing = 0;
		};
/* End PBXFrameworksBuildPhase section */

/* Begin PBXGroup section */
		D4A8837624D85D4600F9F745 = {
			isa = PBXGroup;
			children = (
				D4A8838124D85D4600F9F745 /* Planets */,
				D4A8839B24D85D4800F9F745 /* PlanetsTests */,
				D4A883A624D85D4800F9F745 /* PlanetsUITests */,
				D4A8838024D85D4600F9F745 /* Products */,
			);
			sourceTree = "<group>";
		};
		D4A8838024D85D4600F9F745 /* Products */ = {
			isa = PBXGroup;
			children = (
				D4A8837F24D85D4600F9F745 /* Planets.app */,
				D4A8839824D85D4800F9F745 /* PlanetsTests.xctest */,
				D4A883A324D85D4800F9F745 /* PlanetsUITests.xctest */,
			);
			name = Products;
			sourceTree = "<group>";
		};
		D4A8838124D85D4600F9F745 /* Planets */ = {
			isa = PBXGroup;
			children = (
				D4A8838224D85D4600F9F745 /* AppDelegate.swift */,
				D4A8838424D85D4600F9F745 /* SceneDelegate.swift */,
				D4A8838624D85D4600F9F745 /* ViewController.swift */,
				D4A8838824D85D4600F9F745 /* Main.storyboard */,
				D4A8838E24D85D4800F9F745 /* Assets.xcassets */,
				D4A8839024D85D4800F9F745 /* LaunchScreen.storyboard */,
				D4A8839324D85D4800F9F745 /* Info.plist */,
				D4A8838B24D85D4600F9F745 /* Planets.xcdatamodeld */,
			);
			path = Planets;
			sourceTree = "<group>";
		};
		D4A8839B24D85D4800F9F745 /* PlanetsTests */ = {
			isa = PBXGroup;
			children = (
				D4A8839C24D85D4800F9F745 /* PlanetsTests.swift */,
				D4A8839E24D85D4800F9F745 /* Info.plist */,
			);
			path = PlanetsTests;
			sourceTree = "<group>";
		};
		D4A883A624D85D4800F9F745 /* PlanetsUITests */ = {
			isa = PBXGroup;
			children = (
				D4A883A724D85D4800F9F745 /* PlanetsUITests.swift */,
				D4A883A924D85D4800F9F745 /* Info.plist */,
			);
			path = PlanetsUITests;
			sourceTree = "<group>";
		};
/* End PBXGroup section */

/* Begin PBXNativeTarget section */
		D4A8837E24D85D4600F9F745 /* Planets */ = {
			isa = PBXNativeTarget;
			buildConfigurationList = D4A883AC24D85D4800F9F745 /* Build configuration list for PBXNativeTarget "Planets" */;
			buildPhases = (
				D4A8837B24D85D4600F9F745 /* Sources */,
				D4A8837C24D85D4600F9F745 /* Frameworks */,
				D4A8837D24D85D4600F9F745 /* Resources */,
			);
			buildRules = (
			);
			dependencies = (
			);
			name = Planets;
			productName = Planets;
			productReference = D4A8837F24D85D4600F9F745 /* Planets.app */;
			productType = "com.apple.product-type.application";
		};
		D4A8839724D85D4800F9F745 /* PlanetsTests */ = {
			isa = PBXNativeTarget;
			buildConfigurationList = D4A883AF24D85D4800F9F745 /* Build configuration list for PBXNativeTarget "PlanetsTests" */;
			buildPhases = (
				D4A8839424D85D4800F9F745 /* Sources */,
				D4A8839524D85D4800F9F745 /* Frameworks */,
				D4A8839624D85D4800F9F745 /* Resources */,
			);
			buildRules = (
			);
			dependencies = (
				D4A8839A24D85D4800F9F745 /* PBXTargetDependency */,
			);
			name = PlanetsTests;
			productName = PlanetsTests;
			productReference = D4A8839824D85D4800F9F745 /* PlanetsTests.xctest */;
			productType = "com.apple.product-type.bundle.unit-test";
		};
		D4A883A224D85D4800F9F745 /* PlanetsUITests */ = {
			isa = PBXNativeTarget;
			buildConfigurationList = D4A883B224D85D4800F9F745 /* Build configuration list for PBXNativeTarget "PlanetsUITests" */;
			buildPhases = (
				D4A8839F24D85D4800F9F745 /* Sources */,
				D4A883A024D85D4800F9F745 /* Frameworks */,
				D4A883A124D85D4800F9F745 /* Resources */,
			);
			buildRules = (
			);
			dependencies = (
				D4A883A524D85D4800F9F745 /* PBXTargetDependency */,
			);
			name = PlanetsUITests;
			productName = PlanetsUITests;
			productReference = D4A883A324D85D4800F9F745 /* PlanetsUITests.xctest */;
			productType = "com.apple.product-type.bundle.ui-testing";
		};
/* End PBXNativeTarget section */

/* Begin PBXProject section */
		D4A8837724D85D4600F9F745 /* Project object */ = {
			isa = PBXProject;
			attributes = {
				LastSwiftUpdateCheck = 1160;
				LastUpgradeCheck = 1160;
				ORGANIZATIONNAME = MAHIMA;
				TargetAttributes = {
					D4A8837E24D85D4600F9F745 = {
						CreatedOnToolsVersion = 11.6;
					};
					D4A8839724D85D4800F9F745 = {
						CreatedOnToolsVersion = 11.6;
						TestTargetID = D4A8837E24D85D4600F9F745;
					};
					D4A883A224D85D4800F9F745 = {
						CreatedOnToolsVersion = 11.6;
						TestTargetID = D4A8837E24D85D4600F9F745;
					};
				};
			};
			buildConfigurationList = D4A8837A24D85D4600F9F745 /* Build configuration list for PBXProject "Planets" */;
			compatibilityVersion = "Xcode 9.3";
			developmentRegion = en;
			hasScannedForEncodings = 0;
			knownRegions = (
				en,
				Base,
			);
			mainGroup = D4A8837624D85D4600F9F745;
			productRefGroup = D4A8838024D85D4600F9F745 /* Products */;
			projectDirPath = "";
			projectRoot = "";
			targets = (
				D4A8837E24D85D4600F9F745 /* Planets */,
				D4A8839724D85D4800F9F745 /* PlanetsTests */,
				D4A883A224D85D4800F9F745 /* PlanetsUITests */,
			);
		};
/* End PBXProject section */

/* Begin PBXResourcesBuildPhase section */
		D4A8837D24D85D4600F9F745 /* Resources */ = {
			isa = PBXResourcesBuildPhase;
			buildActionMask = 2147483647;
			files = (
				D4A8839224D85D4800F9F745 /* LaunchScreen.storyboard in Resources */,
				D4A8838F24D85D4800F9F745 /* Assets.xcassets in Resources */,
				D4A8838A24D85D4600F9F745 /* Main.storyboard in Resources */,
			);
			runOnlyForDeploymentPostprocessing = 0;
		};
		D4A8839624D85D4800F9F745 /* Resources */ = {
			isa = PBXResourcesBuildPhase;
			buildActionMask = 2147483647;
			files = (
			);
			runOnlyForDeploymentPostprocessing = 0;
		};
		D4A883A124D85D4800F9F745 /* Resources */ = {
			isa = PBXResourcesBuildPhase;
			buildActionMask = 2147483647;
			files = (
			);
			runOnlyForDeploymentPostprocessing = 0;
		};
/* End PBXResourcesBuildPhase section */

/* Begin PBXSourcesBuildPhase section */
		D4A8837B24D85D4600F9F745 /* Sources */ = {
			isa = PBXSourcesBuildPhase;
			buildActionMask = 2147483647;
			files = (
				D4A8838724D85D4600F9F745 /* ViewController.swift in Sources */,
				D4A8838324D85D4600F9F745 /* AppDelegate.swift in Sources */,
				D4A8838524D85D4600F9F745 /* SceneDelegate.swift in Sources */,
				D4A8838D24D85D4600F9F745 /* Planets.xcdatamodeld in Sources */,
			);
			runOnlyForDeploymentPostprocessing = 0;
		};
		D4A8839424D85D4800F9F745 /* Sources */ = {
			isa = PBXSourcesBuildPhase;
			buildActionMask = 2147483647;
			files = (
				D4A8839D24D85D4800F9F745 /* PlanetsTests.swift in Sources */,
			);
			runOnlyForDeploymentPostprocessing = 0;
		};
		D4A8839F24D85D4800F9F745 /* Sources */ = {
			isa = PBXSourcesBuildPhase;
			buildActionMask = 2147483647;
			files = (
				D4A883A824D85D4800F9F745 /* PlanetsUITests.swift in Sources */,
			);
			runOnlyForDeploymentPostprocessing = 0;
		};
/* End PBXSourcesBuildPhase section */

/* Begin PBXTargetDependency section */
		D4A8839A24D85D4800F9F745 /* PBXTargetDependency */ = {
			isa = PBXTargetDependency;
			target = D4A8837E24D85D4600F9F745 /* Planets */;
			targetProxy = D4A8839924D85D4800F9F745 /* PBXContainerItemProxy */;
		};
		D4A883A524D85D4800F9F745 /* PBXTargetDependency */ = {
			isa = PBXTargetDependency;
			target = D4A8837E24D85D4600F9F745 /* Planets */;
			targetProxy = D4A883A424D85D4800F9F745 /* PBXContainerItemProxy */;
		};
/* End PBXTargetDependency section */

/* Begin PBXVariantGroup section */
		D4A8838824D85D4600F9F745 /* Main.storyboard */ = {
			isa = PBXVariantGroup;
			children = (
				D4A8838924D85D4600F9F745 /* Base */,
			);
			name = Main.storyboard;
			sourceTree = "<group>";
		};
		D4A8839024D85D4800F9F745 /* LaunchScreen.storyboard */ = {
			isa = PBXVariantGroup;
			children = (
				D4A8839124D85D4800F9F745 /* Base */,
			);
			name = LaunchScreen.storyboard;
			sourceTree = "<group>";
		};
/* End PBXVariantGroup section */

/* Begin XCBuildConfiguration section */
		D4A883AA24D85D4800F9F745 /* Debug */ = {
			isa = XCBuildConfiguration;
			buildSettings = {
				ALWAYS_SEARCH_USER_PATHS = NO;
				CLANG_ANALYZER_NONNULL = YES;
				CLANG_ANALYZER_NUMBER_OBJECT_CONVERSION = YES_AGGRESSIVE;
				CLANG_CXX_LANGUAGE_STANDARD = "gnu++14";
				CLANG_CXX_LIBRARY = "libc++";
				CLANG_ENABLE_MODULES = YES;
				CLANG_ENABLE_OBJC_ARC = YES;
				CLANG_ENABLE_OBJC_WEAK = YES;
				CLANG_WARN_BLOCK_CAPTURE_AUTORELEASING = YES;
				CLANG_WARN_BOOL_CONVERSION = YES;
				CLANG_WARN_COMMA = YES;
				CLANG_WARN_CONSTANT_CONVERSION = YES;
				CLANG_WARN_DEPRECATED_OBJC_IMPLEMENTATIONS = YES;
				CLANG_WARN_DIRECT_OBJC_ISA_USAGE = YES_ERROR;
				CLANG_WARN_DOCUMENTATION_COMMENTS = YES;
				CLANG_WARN_EMPTY_BODY = YES;
				CLANG_WARN_ENUM_CONVERSION = YES;
				CLANG_WARN_INFINITE_RECURSION = YES;
				CLANG_WARN_INT_CONVERSION = YES;
				CLANG_WARN_NON_LITERAL_NULL_CONVERSION = YES;
				CLANG_WARN_OBJC_IMPLICIT_RETAIN_SELF = YES;
				CLANG_WARN_OBJC_LITERAL_CONVERSION = YES;
				CLANG_WARN_OBJC_ROOT_CLASS = YES_ERROR;
				CLANG_WARN_RANGE_LOOP_ANALYSIS = YES;
				CLANG_WARN_STRICT_PROTOTYPES = YES;
				CLANG_WARN_SUSPICIOUS_MOVE = YES;
				CLANG_WARN_UNGUARDED_AVAILABILITY = YES_AGGRESSIVE;
				CLANG_WARN_UNREACHABLE_CODE = YES;
				CLANG_WARN__DUPLICATE_METHOD_MATCH = YES;
				COPY_PHASE_STRIP = NO;
				DEBUG_INFORMATION_FORMAT = dwarf;
				ENABLE_STRICT_OBJC_MSGSEND = YES;
				ENABLE_TESTABILITY = YES;
				GCC_C_LANGUAGE_STANDARD = gnu11;
				GCC_DYNAMIC_NO_PIC = NO;
				GCC_NO_COMMON_BLOCKS = YES;
				GCC_OPTIMIZATION_LEVEL = 0;
				GCC_PREPROCESSOR_DEFINITIONS = (
					"DEBUG=1",
					"$(inherited)",
				);
				GCC_WARN_64_TO_32_BIT_CONVERSION = YES;
				GCC_WARN_ABOUT_RETURN_TYPE = YES_ERROR;
				GCC_WARN_UNDECLARED_SELECTOR = YES;
				GCC_WARN_UNINITIALIZED_AUTOS = YES_AGGRESSIVE;
				GCC_WARN_UNUSED_FUNCTION = YES;
				GCC_WARN_UNUSED_VARIABLE = YES;
				IPHONEOS_DEPLOYMENT_TARGET = 13.6;
				MTL_ENABLE_DEBUG_INFO = INCLUDE_SOURCE;
				MTL_FAST_MATH = YES;
				ONLY_ACTIVE_ARCH = YES;
				SDKROOT = iphoneos;
				SWIFT_ACTIVE_COMPILATION_CONDITIONS = DEBUG;
				SWIFT_OPTIMIZATION_LEVEL = "-Onone";
			};
			name = Debug;
		};
		D4A883AB24D85D4800F9F745 /* Release */ = {
			isa = XCBuildConfiguration;
			buildSettings = {
				ALWAYS_SEARCH_USER_PATHS = NO;
				CLANG_ANALYZER_NONNULL = YES;
				CLANG_ANALYZER_NUMBER_OBJECT_CONVERSION = YES_AGGRESSIVE;
				CLANG_CXX_LANGUAGE_STANDARD = "gnu++14";
				CLANG_CXX_LIBRARY = "libc++";
				CLANG_ENABLE_MODULES = YES;
				CLANG_ENABLE_OBJC_ARC = YES;
				CLANG_ENABLE_OBJC_WEAK = YES;
				CLANG_WARN_BLOCK_CAPTURE_AUTORELEASING = YES;
				CLANG_WARN_BOOL_CONVERSION = YES;
				CLANG_WARN_COMMA = YES;
				CLANG_WARN_CONSTANT_CONVERSION = YES;
				CLANG_WARN_DEPRECATED_OBJC_IMPLEMENTATIONS = YES;
				CLANG_WARN_DIRECT_OBJC_ISA_USAGE = YES_ERROR;
				CLANG_WARN_DOCUMENTATION_COMMENTS = YES;
				CLANG_WARN_EMPTY_BODY = YES;
				CLANG_WARN_ENUM_CONVERSION = YES;
				CLANG_WARN_INFINITE_RECURSION = YES;
				CLANG_WARN_INT_CONVERSION = YES;
				CLANG_WARN_NON_LITERAL_NULL_CONVERSION = YES;
				CLANG_WARN_OBJC_IMPLICIT_RETAIN_SELF = YES;
				CLANG_WARN_OBJC_LITERAL_CONVERSION = YES;
				CLANG_WARN_OBJC_ROOT_CLASS = YES_ERROR;
				CLANG_WARN_RANGE_LOOP_ANALYSIS = YES;
				CLANG_WARN_STRICT_PROTOTYPES = YES;
				CLANG_WARN_SUSPICIOUS_MOVE = YES;
				CLANG_WARN_UNGUARDED_AVAILABILITY = YES_AGGRESSIVE;
				CLANG_WARN_UNREACHABLE_CODE = YES;
				CLANG_WARN__DUPLICATE_METHOD_MATCH = YES;
				COPY_PHASE_STRIP = NO;
				DEBUG_INFORMATION_FORMAT = "dwarf-with-dsym";
				ENABLE_NS_ASSERTIONS = NO;
				ENABLE_STRICT_OBJC_MSGSEND = YES;
				GCC_C_LANGUAGE_STANDARD = gnu11;
				GCC_NO_COMMON_BLOCKS = YES;
				GCC_WARN_64_TO_32_BIT_CONVERSION = YES;
				GCC_WARN_ABOUT_RETURN_TYPE = YES_ERROR;
				GCC_WARN_UNDECLARED_SELECTOR = YES;
				GCC_WARN_UNINITIALIZED_AUTOS = YES_AGGRESSIVE;
				GCC_WARN_UNUSED_FUNCTION = YES;
				GCC_WARN_UNUSED_VARIABLE = YES;
				IPHONEOS_DEPLOYMENT_TARGET = 13.6;
				MTL_ENABLE_DEBUG_INFO = NO;
				MTL_FAST_MATH = YES;
				SDKROOT = iphoneos;
				SWIFT_COMPILATION_MODE = wholemodule;
				SWIFT_OPTIMIZATION_LEVEL = "-O";
				VALIDATE_PRODUCT = YES;
			};
			name = Release;
		};
		D4A883AD24D85D4800F9F745 /* Debug */ = {
			isa = XCBuildConfiguration;
			buildSettings = {
				ASSETCATALOG_COMPILER_APPICON_NAME = AppIcon;
				CODE_SIGN_STYLE = Automatic;
				DEVELOPMENT_TEAM = 2HTSWHQBVN;
				INFOPLIST_FILE = Planets/Info.plist;
				LD_RUNPATH_SEARCH_PATHS = (
					"$(inherited)",
					"@executable_path/Frameworks",
				);
				PRODUCT_BUNDLE_IDENTIFIER = com.mahima.Planets;
				PRODUCT_NAME = "$(TARGET_NAME)";
				SWIFT_VERSION = 5.0;
				TARGETED_DEVICE_FAMILY = "1,2";
			};
			name = Debug;
		};
		D4A883AE24D85D4800F9F745 /* Release */ = {
			isa = XCBuildConfiguration;
			buildSettings = {
				ASSETCATALOG_COMPILER_APPICON_NAME = AppIcon;
				CODE_SIGN_STYLE = Automatic;
				DEVELOPMENT_TEAM = 2HTSWHQBVN;
				INFOPLIST_FILE = Planets/Info.plist;
				LD_RUNPATH_SEARCH_PATHS = (
					"$(inherited)",
					"@executable_path/Frameworks",
				);
				PRODUCT_BUNDLE_IDENTIFIER = com.mahima.Planets;
				PRODUCT_NAME = "$(TARGET_NAME)";
				SWIFT_VERSION = 5.0;
				TARGETED_DEVICE_FAMILY = "1,2";
			};
			name = Release;
		};
		D4A883B024D85D4800F9F745 /* Debug */ = {
			isa = XCBuildConfiguration;
			buildSettings = {
				ALWAYS_EMBED_SWIFT_STANDARD_LIBRARIES = YES;
				BUNDLE_LOADER = "$(TEST_HOST)";
				CODE_SIGN_STYLE = Automatic;
				DEVELOPMENT_TEAM = 7FBG6F9GR7;
				INFOPLIST_FILE = PlanetsTests/Info.plist;
				IPHONEOS_DEPLOYMENT_TARGET = 13.6;
				LD_RUNPATH_SEARCH_PATHS = (
					"$(inherited)",
					"@executable_path/Frameworks",
					"@loader_path/Frameworks",
				);
				PRODUCT_BUNDLE_IDENTIFIER = com.mahima.PlanetsTests;
				PRODUCT_NAME = "$(TARGET_NAME)";
				SWIFT_VERSION = 5.0;
				TARGETED_DEVICE_FAMILY = "1,2";
				TEST_HOST = "$(BUILT_PRODUCTS_DIR)/Planets.app/Planets";
			};
			name = Debug;
		};
		D4A883B124D85D4800F9F745 /* Release */ = {
			isa = XCBuildConfiguration;
			buildSettings = {
				ALWAYS_EMBED_SWIFT_STANDARD_LIBRARIES = YES;
				BUNDLE_LOADER = "$(TEST_HOST)";
				CODE_SIGN_STYLE = Automatic;
				DEVELOPMENT_TEAM = 7FBG6F9GR7;
				INFOPLIST_FILE = PlanetsTests/Info.plist;
				IPHONEOS_DEPLOYMENT_TARGET = 13.6;
				LD_RUNPATH_SEARCH_PATHS = (
					"$(inherited)",
					"@executable_path/Frameworks",
					"@loader_path/Frameworks",
				);
				PRODUCT_BUNDLE_IDENTIFIER = com.mahima.PlanetsTests;
				PRODUCT_NAME = "$(TARGET_NAME)";
				SWIFT_VERSION = 5.0;
				TARGETED_DEVICE_FAMILY = "1,2";
				TEST_HOST = "$(BUILT_PRODUCTS_DIR)/Planets.app/Planets";
			};
			name = Release;
		};
		D4A883B324D85D4800F9F745 /* Debug */ = {
			isa = XCBuildConfiguration;
			buildSettings = {
				ALWAYS_EMBED_SWIFT_STANDARD_LIBRARIES = YES;
				CODE_SIGN_STYLE = Automatic;
				DEVELOPMENT_TEAM = 7FBG6F9GR7;
				INFOPLIST_FILE = PlanetsUITests/Info.plist;
				LD_RUNPATH_SEARCH_PATHS = (
					"$(inherited)",
					"@executable_path/Frameworks",
					"@loader_path/Frameworks",
				);
				PRODUCT_BUNDLE_IDENTIFIER = com.mahima.PlanetsUITests;
				PRODUCT_NAME = "$(TARGET_NAME)";
				SWIFT_VERSION = 5.0;
				TARGETED_DEVICE_FAMILY = "1,2";
				TEST_TARGET_NAME = Planets;
			};
			name = Debug;
		};
		D4A883B424D85D4800F9F745 /* Release */ = {
			isa = XCBuildConfiguration;
			buildSettings = {
				ALWAYS_EMBED_SWIFT_STANDARD_LIBRARIES = YES;
				CODE_SIGN_STYLE = Automatic;
				DEVELOPMENT_TEAM = 7FBG6F9GR7;
				INFOPLIST_FILE = PlanetsUITests/Info.plist;
				LD_RUNPATH_SEARCH_PATHS = (
					"$(inherited)",
					"@executable_path/Frameworks",
					"@loader_path/Frameworks",
				);
				PRODUCT_BUNDLE_IDENTIFIER = com.mahima.PlanetsUITests;
				PRODUCT_NAME = "$(TARGET_NAME)";
				SWIFT_VERSION = 5.0;
				TARGETED_DEVICE_FAMILY = "1,2";
				TEST_TARGET_NAME = Planets;
			};
			name = Release;
		};
/* End XCBuildConfiguration section */

/* Begin XCConfigurationList section */
		D4A8837A24D85D4600F9F745 /* Build configuration list for PBXProject "Planets" */ = {
			isa = XCConfigurationList;
			buildConfigurations = (
				D4A883AA24D85D4800F9F745 /* Debug */,
				D4A883AB24D85D4800F9F745 /* Release */,
			);
			defaultConfigurationIsVisible = 0;
			defaultConfigurationName = Release;
		};
		D4A883AC24D85D4800F9F745 /* Build configuration list for PBXNativeTarget "Planets" */ = {
			isa = XCConfigurationList;
			buildConfigurations = (
				D4A883AD24D85D4800F9F745 /* Debug */,
				D4A883AE24D85D4800F9F745 /* Release */,
			);
			defaultConfigurationIsVisible = 0;
			defaultConfigurationName = Release;
		};
		D4A883AF24D85D4800F9F745 /* Build configuration list for PBXNativeTarget "PlanetsTests" */ = {
			isa = XCConfigurationList;
			buildConfigurations = (
				D4A883B024D85D4800F9F745 /* Debug */,
				D4A883B124D85D4800F9F745 /* Release */,
			);
			defaultConfigurationIsVisible = 0;
			defaultConfigurationName = Release;
		};
		D4A883B224D85D4800F9F745 /* Build configuration list for PBXNativeTarget "PlanetsUITests" */ = {
			isa = XCConfigurationList;
			buildConfigurations = (
				D4A883B324D85D4800F9F745 /* Debug */,
				D4A883B424D85D4800F9F745 /* Release */,
			);
			defaultConfigurationIsVisible = 0;
			defaultConfigurationName = Release;
		};
/* End XCConfigurationList section */

/* Begin XCVersionGroup section */
		D4A8838B24D85D4600F9F745 /* Planets.xcdatamodeld */ = {
			isa = XCVersionGroup;
			children = (
				D4A8838C24D85D4600F9F745 /* Planets.xcdatamodel */,
			);
			currentVersion = D4A8838C24D85D4600F9F745 /* Planets.xcdatamodel */;
			path = Planets.xcdatamodeld;
			sourceTree = "<group>";
			versionGroupType = wrapper.xcdatamodel;
		};
/* End XCVersionGroup section */
	};
	rootObject = D4A8837724D85D4600F9F745 /* Project object */;
}
