// !$*UTF8*$!
{
	archiveVersion = 1;
	classes = {
	};
	objectVersion = 50;
	objects = {

/* Begin PBXBuildFile section */
		D4C024FB24DC50B800E08EF8 /* AppDelegate.swift in Sources */ = {isa = PBXBuildFile; fileRef = D4C024FA24DC50B800E08EF8 /* AppDelegate.swift */; };
		D4C024FD24DC50B800E08EF8 /* SceneDelegate.swift in Sources */ = {isa = PBXBuildFile; fileRef = D4C024FC24DC50B800E08EF8 /* SceneDelegate.swift */; };
		D4C024FF24DC50B800E08EF8 /* ViewController.swift in Sources */ = {isa = PBXBuildFile; fileRef = D4C024FE24DC50B800E08EF8 /* ViewController.swift */; };
		D4C0250224DC50B800E08EF8 /* Main.storyboard in Resources */ = {isa = PBXBuildFile; fileRef = D4C0250024DC50B800E08EF8 /* Main.storyboard */; };
		D4C0250524DC50B800E08EF8 /* BasketBall.xcdatamodeld in Sources */ = {isa = PBXBuildFile; fileRef = D4C0250324DC50B800E08EF8 /* BasketBall.xcdatamodeld */; };
		D4C0250724DC50BA00E08EF8 /* Assets.xcassets in Resources */ = {isa = PBXBuildFile; fileRef = D4C0250624DC50BA00E08EF8 /* Assets.xcassets */; };
		D4C0250A24DC50BA00E08EF8 /* LaunchScreen.storyboard in Resources */ = {isa = PBXBuildFile; fileRef = D4C0250824DC50BA00E08EF8 /* LaunchScreen.storyboard */; };
		D4C0251524DC50BA00E08EF8 /* BasketBallTests.swift in Sources */ = {isa = PBXBuildFile; fileRef = D4C0251424DC50BA00E08EF8 /* BasketBallTests.swift */; };
		D4C0252024DC50BA00E08EF8 /* BasketBallUITests.swift in Sources */ = {isa = PBXBuildFile; fileRef = D4C0251F24DC50BA00E08EF8 /* BasketBallUITests.swift */; };
/* End PBXBuildFile section */

/* Begin PBXContainerItemProxy section */
		D4C0251124DC50BA00E08EF8 /* PBXContainerItemProxy */ = {
			isa = PBXContainerItemProxy;
			containerPortal = D4C024EF24DC50B800E08EF8 /* Project object */;
			proxyType = 1;
			remoteGlobalIDString = D4C024F624DC50B800E08EF8;
			remoteInfo = BasketBall;
		};
		D4C0251C24DC50BA00E08EF8 /* PBXContainerItemProxy */ = {
			isa = PBXContainerItemProxy;
			containerPortal = D4C024EF24DC50B800E08EF8 /* Project object */;
			proxyType = 1;
			remoteGlobalIDString = D4C024F624DC50B800E08EF8;
			remoteInfo = BasketBall;
		};
/* End PBXContainerItemProxy section */

/* Begin PBXFileReference section */
		D4C024F724DC50B800E08EF8 /* BasketBall.app */ = {isa = PBXFileReference; explicitFileType = wrapper.application; includeInIndex = 0; path = BasketBall.app; sourceTree = BUILT_PRODUCTS_DIR; };
		D4C024FA24DC50B800E08EF8 /* AppDelegate.swift */ = {isa = PBXFileReference; lastKnownFileType = sourcecode.swift; path = AppDelegate.swift; sourceTree = "<group>"; };
		D4C024FC24DC50B800E08EF8 /* SceneDelegate.swift */ = {isa = PBXFileReference; lastKnownFileType = sourcecode.swift; path = SceneDelegate.swift; sourceTree = "<group>"; };
		D4C024FE24DC50B800E08EF8 /* ViewController.swift */ = {isa = PBXFileReference; lastKnownFileType = sourcecode.swift; path = ViewController.swift; sourceTree = "<group>"; };
		D4C0250124DC50B800E08EF8 /* Base */ = {isa = PBXFileReference; lastKnownFileType = file.storyboard; name = Base; path = Base.lproj/Main.storyboard; sourceTree = "<group>"; };
		D4C0250424DC50B800E08EF8 /* BasketBall.xcdatamodel */ = {isa = PBXFileReference; lastKnownFileType = wrapper.xcdatamodel; path = BasketBall.xcdatamodel; sourceTree = "<group>"; };
		D4C0250624DC50BA00E08EF8 /* Assets.xcassets */ = {isa = PBXFileReference; lastKnownFileType = folder.assetcatalog; path = Assets.xcassets; sourceTree = "<group>"; };
		D4C0250924DC50BA00E08EF8 /* Base */ = {isa = PBXFileReference; lastKnownFileType = file.storyboard; name = Base; path = Base.lproj/LaunchScreen.storyboard; sourceTree = "<group>"; };
		D4C0250B24DC50BA00E08EF8 /* Info.plist */ = {isa = PBXFileReference; lastKnownFileType = text.plist.xml; path = Info.plist; sourceTree = "<group>"; };
		D4C0251024DC50BA00E08EF8 /* BasketBallTests.xctest */ = {isa = PBXFileReference; explicitFileType = wrapper.cfbundle; includeInIndex = 0; path = BasketBallTests.xctest; sourceTree = BUILT_PRODUCTS_DIR; };
		D4C0251424DC50BA00E08EF8 /* BasketBallTests.swift */ = {isa = PBXFileReference; lastKnownFileType = sourcecode.swift; path = BasketBallTests.swift; sourceTree = "<group>"; };
		D4C0251624DC50BA00E08EF8 /* Info.plist */ = {isa = PBXFileReference; lastKnownFileType = text.plist.xml; path = Info.plist; sourceTree = "<group>"; };
		D4C0251B24DC50BA00E08EF8 /* BasketBallUITests.xctest */ = {isa = PBXFileReference; explicitFileType = wrapper.cfbundle; includeInIndex = 0; path = BasketBallUITests.xctest; sourceTree = BUILT_PRODUCTS_DIR; };
		D4C0251F24DC50BA00E08EF8 /* BasketBallUITests.swift */ = {isa = PBXFileReference; lastKnownFileType = sourcecode.swift; path = BasketBallUITests.swift; sourceTree = "<group>"; };
		D4C0252124DC50BA00E08EF8 /* Info.plist */ = {isa = PBXFileReference; lastKnownFileType = text.plist.xml; path = Info.plist; sourceTree = "<group>"; };
/* End PBXFileReference section */

/* Begin PBXFrameworksBuildPhase section */
		D4C024F424DC50B800E08EF8 /* Frameworks */ = {
			isa = PBXFrameworksBuildPhase;
			buildActionMask = 2147483647;
			files = (
			);
			runOnlyForDeploymentPostprocessing = 0;
		};
		D4C0250D24DC50BA00E08EF8 /* Frameworks */ = {
			isa = PBXFrameworksBuildPhase;
			buildActionMask = 2147483647;
			files = (
			);
			runOnlyForDeploymentPostprocessing = 0;
		};
		D4C0251824DC50BA00E08EF8 /* Frameworks */ = {
			isa = PBXFrameworksBuildPhase;
			buildActionMask = 2147483647;
			files = (
			);
			runOnlyForDeploymentPostprocessing = 0;
		};
/* End PBXFrameworksBuildPhase section */

/* Begin PBXGroup section */
		D4C024EE24DC50B800E08EF8 = {
			isa = PBXGroup;
			children = (
				D4C024F924DC50B800E08EF8 /* BasketBall */,
				D4C0251324DC50BA00E08EF8 /* BasketBallTests */,
				D4C0251E24DC50BA00E08EF8 /* BasketBallUITests */,
				D4C024F824DC50B800E08EF8 /* Products */,
			);
			sourceTree = "<group>";
		};
		D4C024F824DC50B800E08EF8 /* Products */ = {
			isa = PBXGroup;
			children = (
				D4C024F724DC50B800E08EF8 /* BasketBall.app */,
				D4C0251024DC50BA00E08EF8 /* BasketBallTests.xctest */,
				D4C0251B24DC50BA00E08EF8 /* BasketBallUITests.xctest */,
			);
			name = Products;
			sourceTree = "<group>";
		};
		D4C024F924DC50B800E08EF8 /* BasketBall */ = {
			isa = PBXGroup;
			children = (
				D4C024FA24DC50B800E08EF8 /* AppDelegate.swift */,
				D4C024FC24DC50B800E08EF8 /* SceneDelegate.swift */,
				D4C024FE24DC50B800E08EF8 /* ViewController.swift */,
				D4C0250024DC50B800E08EF8 /* Main.storyboard */,
				D4C0250624DC50BA00E08EF8 /* Assets.xcassets */,
				D4C0250824DC50BA00E08EF8 /* LaunchScreen.storyboard */,
				D4C0250B24DC50BA00E08EF8 /* Info.plist */,
				D4C0250324DC50B800E08EF8 /* BasketBall.xcdatamodeld */,
			);
			path = BasketBall;
			sourceTree = "<group>";
		};
		D4C0251324DC50BA00E08EF8 /* BasketBallTests */ = {
			isa = PBXGroup;
			children = (
				D4C0251424DC50BA00E08EF8 /* BasketBallTests.swift */,
				D4C0251624DC50BA00E08EF8 /* Info.plist */,
			);
			path = BasketBallTests;
			sourceTree = "<group>";
		};
		D4C0251E24DC50BA00E08EF8 /* BasketBallUITests */ = {
			isa = PBXGroup;
			children = (
				D4C0251F24DC50BA00E08EF8 /* BasketBallUITests.swift */,
				D4C0252124DC50BA00E08EF8 /* Info.plist */,
			);
			path = BasketBallUITests;
			sourceTree = "<group>";
		};
/* End PBXGroup section */

/* Begin PBXNativeTarget section */
		D4C024F624DC50B800E08EF8 /* BasketBall */ = {
			isa = PBXNativeTarget;
			buildConfigurationList = D4C0252424DC50BA00E08EF8 /* Build configuration list for PBXNativeTarget "BasketBall" */;
			buildPhases = (
				D4C024F324DC50B800E08EF8 /* Sources */,
				D4C024F424DC50B800E08EF8 /* Frameworks */,
				D4C024F524DC50B800E08EF8 /* Resources */,
			);
			buildRules = (
			);
			dependencies = (
			);
			name = BasketBall;
			productName = BasketBall;
			productReference = D4C024F724DC50B800E08EF8 /* BasketBall.app */;
			productType = "com.apple.product-type.application";
		};
		D4C0250F24DC50BA00E08EF8 /* BasketBallTests */ = {
			isa = PBXNativeTarget;
			buildConfigurationList = D4C0252724DC50BA00E08EF8 /* Build configuration list for PBXNativeTarget "BasketBallTests" */;
			buildPhases = (
				D4C0250C24DC50BA00E08EF8 /* Sources */,
				D4C0250D24DC50BA00E08EF8 /* Frameworks */,
				D4C0250E24DC50BA00E08EF8 /* Resources */,
			);
			buildRules = (
			);
			dependencies = (
				D4C0251224DC50BA00E08EF8 /* PBXTargetDependency */,
			);
			name = BasketBallTests;
			productName = BasketBallTests;
			productReference = D4C0251024DC50BA00E08EF8 /* BasketBallTests.xctest */;
			productType = "com.apple.product-type.bundle.unit-test";
		};
		D4C0251A24DC50BA00E08EF8 /* BasketBallUITests */ = {
			isa = PBXNativeTarget;
			buildConfigurationList = D4C0252A24DC50BA00E08EF8 /* Build configuration list for PBXNativeTarget "BasketBallUITests" */;
			buildPhases = (
				D4C0251724DC50BA00E08EF8 /* Sources */,
				D4C0251824DC50BA00E08EF8 /* Frameworks */,
				D4C0251924DC50BA00E08EF8 /* Resources */,
			);
			buildRules = (
			);
			dependencies = (
				D4C0251D24DC50BA00E08EF8 /* PBXTargetDependency */,
			);
			name = BasketBallUITests;
			productName = BasketBallUITests;
			productReference = D4C0251B24DC50BA00E08EF8 /* BasketBallUITests.xctest */;
			productType = "com.apple.product-type.bundle.ui-testing";
		};
/* End PBXNativeTarget section */

/* Begin PBXProject section */
		D4C024EF24DC50B800E08EF8 /* Project object */ = {
			isa = PBXProject;
			attributes = {
				LastSwiftUpdateCheck = 1160;
				LastUpgradeCheck = 1160;
				ORGANIZATIONNAME = MAHIMA;
				TargetAttributes = {
					D4C024F624DC50B800E08EF8 = {
						CreatedOnToolsVersion = 11.6;
					};
					D4C0250F24DC50BA00E08EF8 = {
						CreatedOnToolsVersion = 11.6;
						TestTargetID = D4C024F624DC50B800E08EF8;
					};
					D4C0251A24DC50BA00E08EF8 = {
						CreatedOnToolsVersion = 11.6;
						TestTargetID = D4C024F624DC50B800E08EF8;
					};
				};
			};
			buildConfigurationList = D4C024F224DC50B800E08EF8 /* Build configuration list for PBXProject "BasketBall" */;
			compatibilityVersion = "Xcode 9.3";
			developmentRegion = en;
			hasScannedForEncodings = 0;
			knownRegions = (
				en,
				Base,
			);
			mainGroup = D4C024EE24DC50B800E08EF8;
			productRefGroup = D4C024F824DC50B800E08EF8 /* Products */;
			projectDirPath = "";
			projectRoot = "";
			targets = (
				D4C024F624DC50B800E08EF8 /* BasketBall */,
				D4C0250F24DC50BA00E08EF8 /* BasketBallTests */,
				D4C0251A24DC50BA00E08EF8 /* BasketBallUITests */,
			);
		};
/* End PBXProject section */

/* Begin PBXResourcesBuildPhase section */
		D4C024F524DC50B800E08EF8 /* Resources */ = {
			isa = PBXResourcesBuildPhase;
			buildActionMask = 2147483647;
			files = (
				D4C0250A24DC50BA00E08EF8 /* LaunchScreen.storyboard in Resources */,
				D4C0250724DC50BA00E08EF8 /* Assets.xcassets in Resources */,
				D4C0250224DC50B800E08EF8 /* Main.storyboard in Resources */,
			);
			runOnlyForDeploymentPostprocessing = 0;
		};
		D4C0250E24DC50BA00E08EF8 /* Resources */ = {
			isa = PBXResourcesBuildPhase;
			buildActionMask = 2147483647;
			files = (
			);
			runOnlyForDeploymentPostprocessing = 0;
		};
		D4C0251924DC50BA00E08EF8 /* Resources */ = {
			isa = PBXResourcesBuildPhase;
			buildActionMask = 2147483647;
			files = (
			);
			runOnlyForDeploymentPostprocessing = 0;
		};
/* End PBXResourcesBuildPhase section */

/* Begin PBXSourcesBuildPhase section */
		D4C024F324DC50B800E08EF8 /* Sources */ = {
			isa = PBXSourcesBuildPhase;
			buildActionMask = 2147483647;
			files = (
				D4C0250524DC50B800E08EF8 /* BasketBall.xcdatamodeld in Sources */,
				D4C024FF24DC50B800E08EF8 /* ViewController.swift in Sources */,
				D4C024FB24DC50B800E08EF8 /* AppDelegate.swift in Sources */,
				D4C024FD24DC50B800E08EF8 /* SceneDelegate.swift in Sources */,
			);
			runOnlyForDeploymentPostprocessing = 0;
		};
		D4C0250C24DC50BA00E08EF8 /* Sources */ = {
			isa = PBXSourcesBuildPhase;
			buildActionMask = 2147483647;
			files = (
				D4C0251524DC50BA00E08EF8 /* BasketBallTests.swift in Sources */,
			);
			runOnlyForDeploymentPostprocessing = 0;
		};
		D4C0251724DC50BA00E08EF8 /* Sources */ = {
			isa = PBXSourcesBuildPhase;
			buildActionMask = 2147483647;
			files = (
				D4C0252024DC50BA00E08EF8 /* BasketBallUITests.swift in Sources */,
			);
			runOnlyForDeploymentPostprocessing = 0;
		};
/* End PBXSourcesBuildPhase section */

/* Begin PBXTargetDependency section */
		D4C0251224DC50BA00E08EF8 /* PBXTargetDependency */ = {
			isa = PBXTargetDependency;
			target = D4C024F624DC50B800E08EF8 /* BasketBall */;
			targetProxy = D4C0251124DC50BA00E08EF8 /* PBXContainerItemProxy */;
		};
		D4C0251D24DC50BA00E08EF8 /* PBXTargetDependency */ = {
			isa = PBXTargetDependency;
			target = D4C024F624DC50B800E08EF8 /* BasketBall */;
			targetProxy = D4C0251C24DC50BA00E08EF8 /* PBXContainerItemProxy */;
		};
/* End PBXTargetDependency section */

/* Begin PBXVariantGroup section */
		D4C0250024DC50B800E08EF8 /* Main.storyboard */ = {
			isa = PBXVariantGroup;
			children = (
				D4C0250124DC50B800E08EF8 /* Base */,
			);
			name = Main.storyboard;
			sourceTree = "<group>";
		};
		D4C0250824DC50BA00E08EF8 /* LaunchScreen.storyboard */ = {
			isa = PBXVariantGroup;
			children = (
				D4C0250924DC50BA00E08EF8 /* Base */,
			);
			name = LaunchScreen.storyboard;
			sourceTree = "<group>";
		};
/* End PBXVariantGroup section */

/* Begin XCBuildConfiguration section */
		D4C0252224DC50BA00E08EF8 /* Debug */ = {
			isa = XCBuildConfiguration;
			buildSettings = {
				ALWAYS_SEARCH_USER_PATHS = NO;
				CLANG_ANALYZER_NONNULL = YES;
				CLANG_ANALYZER_NUMBER_OBJECT_CONVERSION = YES_AGGRESSIVE;
				CLANG_CXX_LANGUAGE_STANDARD = "gnu++14";
				CLANG_CXX_LIBRARY = "libc++";
				CLANG_ENABLE_MODULES = YES;
				CLANG_ENABLE_OBJC_ARC = YES;
				CLANG_ENABLE_OBJC_WEAK = YES;
				CLANG_WARN_BLOCK_CAPTURE_AUTORELEASING = YES;
				CLANG_WARN_BOOL_CONVERSION = YES;
				CLANG_WARN_COMMA = YES;
				CLANG_WARN_CONSTANT_CONVERSION = YES;
				CLANG_WARN_DEPRECATED_OBJC_IMPLEMENTATIONS = YES;
				CLANG_WARN_DIRECT_OBJC_ISA_USAGE = YES_ERROR;
				CLANG_WARN_DOCUMENTATION_COMMENTS = YES;
				CLANG_WARN_EMPTY_BODY = YES;
				CLANG_WARN_ENUM_CONVERSION = YES;
				CLANG_WARN_INFINITE_RECURSION = YES;
				CLANG_WARN_INT_CONVERSION = YES;
				CLANG_WARN_NON_LITERAL_NULL_CONVERSION = YES;
				CLANG_WARN_OBJC_IMPLICIT_RETAIN_SELF = YES;
				CLANG_WARN_OBJC_LITERAL_CONVERSION = YES;
				CLANG_WARN_OBJC_ROOT_CLASS = YES_ERROR;
				CLANG_WARN_RANGE_LOOP_ANALYSIS = YES;
				CLANG_WARN_STRICT_PROTOTYPES = YES;
				CLANG_WARN_SUSPICIOUS_MOVE = YES;
				CLANG_WARN_UNGUARDED_AVAILABILITY = YES_AGGRESSIVE;
				CLANG_WARN_UNREACHABLE_CODE = YES;
				CLANG_WARN__DUPLICATE_METHOD_MATCH = YES;
				COPY_PHASE_STRIP = NO;
				DEBUG_INFORMATION_FORMAT = dwarf;
				ENABLE_STRICT_OBJC_MSGSEND = YES;
				ENABLE_TESTABILITY = YES;
				GCC_C_LANGUAGE_STANDARD = gnu11;
				GCC_DYNAMIC_NO_PIC = NO;
				GCC_NO_COMMON_BLOCKS = YES;
				GCC_OPTIMIZATION_LEVEL = 0;
				GCC_PREPROCESSOR_DEFINITIONS = (
					"DEBUG=1",
					"$(inherited)",
				);
				GCC_WARN_64_TO_32_BIT_CONVERSION = YES;
				GCC_WARN_ABOUT_RETURN_TYPE = YES_ERROR;
				GCC_WARN_UNDECLARED_SELECTOR = YES;
				GCC_WARN_UNINITIALIZED_AUTOS = YES_AGGRESSIVE;
				GCC_WARN_UNUSED_FUNCTION = YES;
				GCC_WARN_UNUSED_VARIABLE = YES;
				IPHONEOS_DEPLOYMENT_TARGET = 13.6;
				MTL_ENABLE_DEBUG_INFO = INCLUDE_SOURCE;
				MTL_FAST_MATH = YES;
				ONLY_ACTIVE_ARCH = YES;
				SDKROOT = iphoneos;
				SWIFT_ACTIVE_COMPILATION_CONDITIONS = DEBUG;
				SWIFT_OPTIMIZATION_LEVEL = "-Onone";
			};
			name = Debug;
		};
		D4C0252324DC50BA00E08EF8 /* Release */ = {
			isa = XCBuildConfiguration;
			buildSettings = {
				ALWAYS_SEARCH_USER_PATHS = NO;
				CLANG_ANALYZER_NONNULL = YES;
				CLANG_ANALYZER_NUMBER_OBJECT_CONVERSION = YES_AGGRESSIVE;
				CLANG_CXX_LANGUAGE_STANDARD = "gnu++14";
				CLANG_CXX_LIBRARY = "libc++";
				CLANG_ENABLE_MODULES = YES;
				CLANG_ENABLE_OBJC_ARC = YES;
				CLANG_ENABLE_OBJC_WEAK = YES;
				CLANG_WARN_BLOCK_CAPTURE_AUTORELEASING = YES;
				CLANG_WARN_BOOL_CONVERSION = YES;
				CLANG_WARN_COMMA = YES;
				CLANG_WARN_CONSTANT_CONVERSION = YES;
				CLANG_WARN_DEPRECATED_OBJC_IMPLEMENTATIONS = YES;
				CLANG_WARN_DIRECT_OBJC_ISA_USAGE = YES_ERROR;
				CLANG_WARN_DOCUMENTATION_COMMENTS = YES;
				CLANG_WARN_EMPTY_BODY = YES;
				CLANG_WARN_ENUM_CONVERSION = YES;
				CLANG_WARN_INFINITE_RECURSION = YES;
				CLANG_WARN_INT_CONVERSION = YES;
				CLANG_WARN_NON_LITERAL_NULL_CONVERSION = YES;
				CLANG_WARN_OBJC_IMPLICIT_RETAIN_SELF = YES;
				CLANG_WARN_OBJC_LITERAL_CONVERSION = YES;
				CLANG_WARN_OBJC_ROOT_CLASS = YES_ERROR;
				CLANG_WARN_RANGE_LOOP_ANALYSIS = YES;
				CLANG_WARN_STRICT_PROTOTYPES = YES;
				CLANG_WARN_SUSPICIOUS_MOVE = YES;
				CLANG_WARN_UNGUARDED_AVAILABILITY = YES_AGGRESSIVE;
				CLANG_WARN_UNREACHABLE_CODE = YES;
				CLANG_WARN__DUPLICATE_METHOD_MATCH = YES;
				COPY_PHASE_STRIP = NO;
				DEBUG_INFORMATION_FORMAT = "dwarf-with-dsym";
				ENABLE_NS_ASSERTIONS = NO;
				ENABLE_STRICT_OBJC_MSGSEND = YES;
				GCC_C_LANGUAGE_STANDARD = gnu11;
				GCC_NO_COMMON_BLOCKS = YES;
				GCC_WARN_64_TO_32_BIT_CONVERSION = YES;
				GCC_WARN_ABOUT_RETURN_TYPE = YES_ERROR;
				GCC_WARN_UNDECLARED_SELECTOR = YES;
				GCC_WARN_UNINITIALIZED_AUTOS = YES_AGGRESSIVE;
				GCC_WARN_UNUSED_FUNCTION = YES;
				GCC_WARN_UNUSED_VARIABLE = YES;
				IPHONEOS_DEPLOYMENT_TARGET = 13.6;
				MTL_ENABLE_DEBUG_INFO = NO;
				MTL_FAST_MATH = YES;
				SDKROOT = iphoneos;
				SWIFT_COMPILATION_MODE = wholemodule;
				SWIFT_OPTIMIZATION_LEVEL = "-O";
				VALIDATE_PRODUCT = YES;
			};
			name = Release;
		};
		D4C0252524DC50BA00E08EF8 /* Debug */ = {
			isa = XCBuildConfiguration;
			buildSettings = {
				ASSETCATALOG_COMPILER_APPICON_NAME = AppIcon;
				CODE_SIGN_STYLE = Automatic;
				DEVELOPMENT_TEAM = 2HTSWHQBVN;
				INFOPLIST_FILE = BasketBall/Info.plist;
				LD_RUNPATH_SEARCH_PATHS = (
					"$(inherited)",
					"@executable_path/Frameworks",
				);
				PRODUCT_BUNDLE_IDENTIFIER = com.mahima.BasketBall;
				PRODUCT_NAME = "$(TARGET_NAME)";
				SWIFT_VERSION = 5.0;
				TARGETED_DEVICE_FAMILY = "1,2";
			};
			name = Debug;
		};
		D4C0252624DC50BA00E08EF8 /* Release */ = {
			isa = XCBuildConfiguration;
			buildSettings = {
				ASSETCATALOG_COMPILER_APPICON_NAME = AppIcon;
				CODE_SIGN_STYLE = Automatic;
				DEVELOPMENT_TEAM = 2HTSWHQBVN;
				INFOPLIST_FILE = BasketBall/Info.plist;
				LD_RUNPATH_SEARCH_PATHS = (
					"$(inherited)",
					"@executable_path/Frameworks",
				);
				PRODUCT_BUNDLE_IDENTIFIER = com.mahima.BasketBall;
				PRODUCT_NAME = "$(TARGET_NAME)";
				SWIFT_VERSION = 5.0;
				TARGETED_DEVICE_FAMILY = "1,2";
			};
			name = Release;
		};
		D4C0252824DC50BA00E08EF8 /* Debug */ = {
			isa = XCBuildConfiguration;
			buildSettings = {
				ALWAYS_EMBED_SWIFT_STANDARD_LIBRARIES = YES;
				BUNDLE_LOADER = "$(TEST_HOST)";
				CODE_SIGN_STYLE = Automatic;
				DEVELOPMENT_TEAM = 7FBG6F9GR7;
				INFOPLIST_FILE = BasketBallTests/Info.plist;
				IPHONEOS_DEPLOYMENT_TARGET = 13.6;
				LD_RUNPATH_SEARCH_PATHS = (
					"$(inherited)",
					"@executable_path/Frameworks",
					"@loader_path/Frameworks",
				);
				PRODUCT_BUNDLE_IDENTIFIER = com.mahima.BasketBallTests;
				PRODUCT_NAME = "$(TARGET_NAME)";
				SWIFT_VERSION = 5.0;
				TARGETED_DEVICE_FAMILY = "1,2";
				TEST_HOST = "$(BUILT_PRODUCTS_DIR)/BasketBall.app/BasketBall";
			};
			name = Debug;
		};
		D4C0252924DC50BA00E08EF8 /* Release */ = {
			isa = XCBuildConfiguration;
			buildSettings = {
				ALWAYS_EMBED_SWIFT_STANDARD_LIBRARIES = YES;
				BUNDLE_LOADER = "$(TEST_HOST)";
				CODE_SIGN_STYLE = Automatic;
				DEVELOPMENT_TEAM = 7FBG6F9GR7;
				INFOPLIST_FILE = BasketBallTests/Info.plist;
				IPHONEOS_DEPLOYMENT_TARGET = 13.6;
				LD_RUNPATH_SEARCH_PATHS = (
					"$(inherited)",
					"@executable_path/Frameworks",
					"@loader_path/Frameworks",
				);
				PRODUCT_BUNDLE_IDENTIFIER = com.mahima.BasketBallTests;
				PRODUCT_NAME = "$(TARGET_NAME)";
				SWIFT_VERSION = 5.0;
				TARGETED_DEVICE_FAMILY = "1,2";
				TEST_HOST = "$(BUILT_PRODUCTS_DIR)/BasketBall.app/BasketBall";
			};
			name = Release;
		};
		D4C0252B24DC50BA00E08EF8 /* Debug */ = {
			isa = XCBuildConfiguration;
			buildSettings = {
				ALWAYS_EMBED_SWIFT_STANDARD_LIBRARIES = YES;
				CODE_SIGN_STYLE = Automatic;
				DEVELOPMENT_TEAM = 7FBG6F9GR7;
				INFOPLIST_FILE = BasketBallUITests/Info.plist;
				LD_RUNPATH_SEARCH_PATHS = (
					"$(inherited)",
					"@executable_path/Frameworks",
					"@loader_path/Frameworks",
				);
				PRODUCT_BUNDLE_IDENTIFIER = com.mahima.BasketBallUITests;
				PRODUCT_NAME = "$(TARGET_NAME)";
				SWIFT_VERSION = 5.0;
				TARGETED_DEVICE_FAMILY = "1,2";
				TEST_TARGET_NAME = BasketBall;
			};
			name = Debug;
		};
		D4C0252C24DC50BA00E08EF8 /* Release */ = {
			isa = XCBuildConfiguration;
			buildSettings = {
				ALWAYS_EMBED_SWIFT_STANDARD_LIBRARIES = YES;
				CODE_SIGN_STYLE = Automatic;
				DEVELOPMENT_TEAM = 7FBG6F9GR7;
				INFOPLIST_FILE = BasketBallUITests/Info.plist;
				LD_RUNPATH_SEARCH_PATHS = (
					"$(inherited)",
					"@executable_path/Frameworks",
					"@loader_path/Frameworks",
				);
				PRODUCT_BUNDLE_IDENTIFIER = com.mahima.BasketBallUITests;
				PRODUCT_NAME = "$(TARGET_NAME)";
				SWIFT_VERSION = 5.0;
				TARGETED_DEVICE_FAMILY = "1,2";
				TEST_TARGET_NAME = BasketBall;
			};
			name = Release;
		};
/* End XCBuildConfiguration section */

/* Begin XCConfigurationList section */
		D4C024F224DC50B800E08EF8 /* Build configuration list for PBXProject "BasketBall" */ = {
			isa = XCConfigurationList;
			buildConfigurations = (
				D4C0252224DC50BA00E08EF8 /* Debug */,
				D4C0252324DC50BA00E08EF8 /* Release */,
			);
			defaultConfigurationIsVisible = 0;
			defaultConfigurationName = Release;
		};
		D4C0252424DC50BA00E08EF8 /* Build configuration list for PBXNativeTarget "BasketBall" */ = {
			isa = XCConfigurationList;
			buildConfigurations = (
				D4C0252524DC50BA00E08EF8 /* Debug */,
				D4C0252624DC50BA00E08EF8 /* Release */,
			);
			defaultConfigurationIsVisible = 0;
			defaultConfigurationName = Release;
		};
		D4C0252724DC50BA00E08EF8 /* Build configuration list for PBXNativeTarget "BasketBallTests" */ = {
			isa = XCConfigurationList;
			buildConfigurations = (
				D4C0252824DC50BA00E08EF8 /* Debug */,
				D4C0252924DC50BA00E08EF8 /* Release */,
			);
			defaultConfigurationIsVisible = 0;
			defaultConfigurationName = Release;
		};
		D4C0252A24DC50BA00E08EF8 /* Build configuration list for PBXNativeTarget "BasketBallUITests" */ = {
			isa = XCConfigurationList;
			buildConfigurations = (
				D4C0252B24DC50BA00E08EF8 /* Debug */,
				D4C0252C24DC50BA00E08EF8 /* Release */,
			);
			defaultConfigurationIsVisible = 0;
			defaultConfigurationName = Release;
		};
/* End XCConfigurationList section */

/* Begin XCVersionGroup section */
		D4C0250324DC50B800E08EF8 /* BasketBall.xcdatamodeld */ = {
			isa = XCVersionGroup;
			children = (
				D4C0250424DC50B800E08EF8 /* BasketBall.xcdatamodel */,
			);
			currentVersion = D4C0250424DC50B800E08EF8 /* BasketBall.xcdatamodel */;
			path = BasketBall.xcdatamodeld;
			sourceTree = "<group>";
			versionGroupType = wrapper.xcdatamodel;
		};
/* End XCVersionGroup section */
	};
	rootObject = D4C024EF24DC50B800E08EF8 /* Project object */;
}
